{
  "name": "wb-platform-web",
  "version": "1.0.0",
  "lockfileVersion": 3,
  "requires": true,
  "packages": {
    "": {
      "name": "wb-platform-web",
      "version": "1.0.0",
      "dependencies": {
        "next": "14.2.0",
        "react": "18.3.0",
        "react-dom": "18.3.0"
      }
    }
  }
}
